// !$*UTF8*$!
{
	archiveVersion = 1;
	classes = {
	};
	objectVersion = 52;
	objects = {

/* Begin PBXBuildFile section */
		491EE7812629A7460093C977 /* VideoDetailViewModel.swift in Sources */ = {isa = PBXBuildFile; fileRef = 491EE7802629A7460093C977 /* VideoDetailViewModel.swift */; };
		491EE7872629DDDA0093C977 /* SearchVideosUseCase.swift in Sources */ = {isa = PBXBuildFile; fileRef = 491EE7862629DDDA0093C977 /* SearchVideosUseCase.swift */; };
		491EE78F2629DE300093C977 /* LikeVideoUseCase.swift in Sources */ = {isa = PBXBuildFile; fileRef = 491EE78E2629DE300093C977 /* LikeVideoUseCase.swift */; };
		491EE7A3262B877F0093C977 /* VideoDetailViewModelTests.swift in Sources */ = {isa = PBXBuildFile; fileRef = 491EE7A2262B877F0093C977 /* VideoDetailViewModelTests.swift */; };
		491EE7AB262B98410093C977 /* Helpers.swift in Sources */ = {isa = PBXBuildFile; fileRef = 491EE7AA262B98410093C977 /* Helpers.swift */; };
		491EE7B3262B9FA10093C977 /* VideoDetailViewModelStoreTypeTests.swift in Sources */ = {isa = PBXBuildFile; fileRef = 491EE7B2262B9FA10093C977 /* VideoDetailViewModelStoreTypeTests.swift */; };
		491EE7C4262D49990093C977 /* Video.swift in Sources */ = {isa = PBXBuildFile; fileRef = 491EE7C3262D49990093C977 /* Video.swift */; };
		49206EF925C035FC0088DBDF /* VideosListViewModel.swift in Sources */ = {isa = PBXBuildFile; fileRef = 49206EF825C035FC0088DBDF /* VideosListViewModel.swift */; };
		49206F0C25C041E90088DBDF /* SearchBar.swift in Sources */ = {isa = PBXBuildFile; fileRef = 49206F0B25C041E90088DBDF /* SearchBar.swift */; };
		492579B025C05C30003B4BA8 /* VideosListViewModelTests.swift in Sources */ = {isa = PBXBuildFile; fileRef = 492579AF25C05C30003B4BA8 /* VideosListViewModelTests.swift */; };
		492E5EA526307784009DA42E /* VideosListViewModelToVideoDetailViewModelTests.swift in Sources */ = {isa = PBXBuildFile; fileRef = 492E5EA426307784009DA42E /* VideosListViewModelToVideoDetailViewModelTests.swift */; };
		493A339B262D8FB100FC9C8E /* VideosListViewModel+Redux.swift in Sources */ = {isa = PBXBuildFile; fileRef = 493A339A262D8FB100FC9C8E /* VideosListViewModel+Redux.swift */; };
		493A33A0262D900F00FC9C8E /* VideoDetailViewModel+Redux.swift in Sources */ = {isa = PBXBuildFile; fileRef = 493A339F262D900F00FC9C8E /* VideoDetailViewModel+Redux.swift */; };
		493A33AB262DA76B00FC9C8E /* CoreDataVideoPersistenceRepository.swift in Sources */ = {isa = PBXBuildFile; fileRef = 493A33AA262DA76B00FC9C8E /* CoreDataVideoPersistenceRepository.swift */; };
		493FD390263C204C00D8BABA /* Endpoint.swift in Sources */ = {isa = PBXBuildFile; fileRef = 493FD38F263C204C00D8BABA /* Endpoint.swift */; };
		493FD398263C20AA00D8BABA /* Networking.swift in Sources */ = {isa = PBXBuildFile; fileRef = 493FD397263C20AA00D8BABA /* Networking.swift */; };
		493FD3A0263C22EE00D8BABA /* Endpoint+searchVideos.swift in Sources */ = {isa = PBXBuildFile; fileRef = 493FD39F263C22EE00D8BABA /* Endpoint+searchVideos.swift */; };
		493FD3A8263FC5A700D8BABA /* NetworkingTests.swift in Sources */ = {isa = PBXBuildFile; fileRef = 493FD3A7263FC5A700D8BABA /* NetworkingTests.swift */; };
		493FD3AD2640121A00D8BABA /* Networking+URLSession.swift in Sources */ = {isa = PBXBuildFile; fileRef = 493FD3AC2640121A00D8BABA /* Networking+URLSession.swift */; };
		493FD3B22640173000D8BABA /* EndpointTests.swift in Sources */ = {isa = PBXBuildFile; fileRef = 493FD3B12640173000D8BABA /* EndpointTests.swift */; };
		493FD3B7264026DC00D8BABA /* Endpoint+SearchVideosTests.swift in Sources */ = {isa = PBXBuildFile; fileRef = 493FD3B6264026DC00D8BABA /* Endpoint+SearchVideosTests.swift */; };
		493FD3BC26402AC600D8BABA /* SearchVideosRepository+YouTubeTests.swift in Sources */ = {isa = PBXBuildFile; fileRef = 493FD3BB26402AC600D8BABA /* SearchVideosRepository+YouTubeTests.swift */; };
		493FD3C7264114AF00D8BABA /* LoadSavedVideosUseCase.swift in Sources */ = {isa = PBXBuildFile; fileRef = 493FD3C6264114AF00D8BABA /* LoadSavedVideosUseCase.swift */; };
		493FD3CC26411B5400D8BABA /* VideosListViewModelMocks.swift in Sources */ = {isa = PBXBuildFile; fileRef = 493FD3CB26411B5400D8BABA /* VideosListViewModelMocks.swift */; };
		493FD3D026411B7D00D8BABA /* VideosListViewModelMocks.swift in Sources */ = {isa = PBXBuildFile; fileRef = 493FD3CB26411B5400D8BABA /* VideosListViewModelMocks.swift */; };
		493FD3D426411B9D00D8BABA /* Helpers.swift in Sources */ = {isa = PBXBuildFile; fileRef = 491EE7AA262B98410093C977 /* Helpers.swift */; };
		493FD3D926426D9A00D8BABA /* LoadSavedVideosRepository+CoreData.swift in Sources */ = {isa = PBXBuildFile; fileRef = 493FD3D826426D9A00D8BABA /* LoadSavedVideosRepository+CoreData.swift */; };
		493FD3DE26426E4800D8BABA /* LoadSavedVideosRepository+CoreDataTests.swift in Sources */ = {isa = PBXBuildFile; fileRef = 493FD3DD26426E4800D8BABA /* LoadSavedVideosRepository+CoreDataTests.swift */; };
		49495DF225C4345C00B5B616 /* SearchVideosRepository+YouTube.swift in Sources */ = {isa = PBXBuildFile; fileRef = 49495DF125C4345C00B5B616 /* SearchVideosRepository+YouTube.swift */; };
		49495E0725C92EB000B5B616 /* ImageCache.swift in Sources */ = {isa = PBXBuildFile; fileRef = 49495DF825C92EB000B5B616 /* ImageCache.swift */; };
		49495E0825C92EB000B5B616 /* ImageLoader.swift in Sources */ = {isa = PBXBuildFile; fileRef = 49495DF925C92EB000B5B616 /* ImageLoader.swift */; };
		49495E0D25C92EB000B5B616 /* AsyncImage.swift in Sources */ = {isa = PBXBuildFile; fileRef = 49495E0025C92EB000B5B616 /* AsyncImage.swift */; };
		49495E2525C92F0400B5B616 /* EnvironmentValues+ImageCache.swift in Sources */ = {isa = PBXBuildFile; fileRef = 49495E2425C92F0400B5B616 /* EnvironmentValues+ImageCache.swift */; };
		49495E4825CC05B200B5B616 /* VideoPlayerView.swift in Sources */ = {isa = PBXBuildFile; fileRef = 49495E4725CC05B200B5B616 /* VideoPlayerView.swift */; };
		4954F01326286DB2008D0B60 /* Reducer.swift in Sources */ = {isa = PBXBuildFile; fileRef = 4954F01226286DB2008D0B60 /* Reducer.swift */; };
		4954F02226286F26008D0B60 /* Store.swift in Sources */ = {isa = PBXBuildFile; fileRef = 4954F02126286F25008D0B60 /* Store.swift */; };
		4954F0272628724D008D0B60 /* Effect.swift in Sources */ = {isa = PBXBuildFile; fileRef = 4954F0262628724C008D0B60 /* Effect.swift */; };
		496AA5BF262DBE1E007DB54E /* LikeVideoRepository+CoreData.swift in Sources */ = {isa = PBXBuildFile; fileRef = 496AA5BE262DBE1E007DB54E /* LikeVideoRepository+CoreData.swift */; };
		498782F825BE145D0079701A /* MyTubeApp.swift in Sources */ = {isa = PBXBuildFile; fileRef = 498782F725BE145D0079701A /* MyTubeApp.swift */; };
		498782FC25BE14600079701A /* Assets.xcassets in Resources */ = {isa = PBXBuildFile; fileRef = 498782FB25BE14600079701A /* Assets.xcassets */; };
		498782FF25BE14600079701A /* Preview Assets.xcassets in Resources */ = {isa = PBXBuildFile; fileRef = 498782FE25BE14600079701A /* Preview Assets.xcassets */; };
		4987830125BE14600079701A /* CoreDataPersistence.swift in Sources */ = {isa = PBXBuildFile; fileRef = 4987830025BE14600079701A /* CoreDataPersistence.swift */; };
		4987830425BE14600079701A /* MyTube.xcdatamodeld in Sources */ = {isa = PBXBuildFile; fileRef = 4987830225BE14600079701A /* MyTube.xcdatamodeld */; };
		4987832E25BE14D10079701A /* VideosListView.swift in Sources */ = {isa = PBXBuildFile; fileRef = 4987832D25BE14D10079701A /* VideosListView.swift */; };
		4987833725BE93B10079701A /* VideoDetailView.swift in Sources */ = {isa = PBXBuildFile; fileRef = 4987833625BE93B10079701A /* VideoDetailView.swift */; };
		499F7E1125C142600099C1B0 /* CombineExpectations in Frameworks */ = {isa = PBXBuildFile; productRef = 499F7E1025C142600099C1B0 /* CombineExpectations */; };
		49B3F832262DB117005037DB /* LikeVideoRepository+CoreDataTests.swift in Sources */ = {isa = PBXBuildFile; fileRef = 49B3F831262DB117005037DB /* LikeVideoRepository+CoreDataTests.swift */; };
/* End PBXBuildFile section */

/* Begin PBXContainerItemProxy section */
		492E5E9C26307744009DA42E /* PBXContainerItemProxy */ = {
			isa = PBXContainerItemProxy;
			containerPortal = 498782EC25BE145D0079701A /* Project object */;
			proxyType = 1;
			remoteGlobalIDString = 498782F325BE145D0079701A;
			remoteInfo = MyTube;
		};
		4987830B25BE14600079701A /* PBXContainerItemProxy */ = {
			isa = PBXContainerItemProxy;
			containerPortal = 498782EC25BE145D0079701A /* Project object */;
			proxyType = 1;
			remoteGlobalIDString = 498782F325BE145D0079701A;
			remoteInfo = MyTube;
		};
/* End PBXContainerItemProxy section */

/* Begin PBXFileReference section */
		491EE7802629A7460093C977 /* VideoDetailViewModel.swift */ = {isa = PBXFileReference; lastKnownFileType = sourcecode.swift; path = VideoDetailViewModel.swift; sourceTree = "<group>"; };
		491EE7862629DDDA0093C977 /* SearchVideosUseCase.swift */ = {isa = PBXFileReference; lastKnownFileType = sourcecode.swift; path = SearchVideosUseCase.swift; sourceTree = "<group>"; };
		491EE78E2629DE300093C977 /* LikeVideoUseCase.swift */ = {isa = PBXFileReference; lastKnownFileType = sourcecode.swift; path = LikeVideoUseCase.swift; sourceTree = "<group>"; };
		491EE7A2262B877F0093C977 /* VideoDetailViewModelTests.swift */ = {isa = PBXFileReference; lastKnownFileType = sourcecode.swift; path = VideoDetailViewModelTests.swift; sourceTree = "<group>"; };
		491EE7AA262B98410093C977 /* Helpers.swift */ = {isa = PBXFileReference; lastKnownFileType = sourcecode.swift; path = Helpers.swift; sourceTree = "<group>"; };
		491EE7B2262B9FA10093C977 /* VideoDetailViewModelStoreTypeTests.swift */ = {isa = PBXFileReference; lastKnownFileType = sourcecode.swift; path = VideoDetailViewModelStoreTypeTests.swift; sourceTree = "<group>"; };
		491EE7C3262D49990093C977 /* Video.swift */ = {isa = PBXFileReference; lastKnownFileType = sourcecode.swift; name = Video.swift; path = MyTubeTests/Video.swift; sourceTree = SOURCE_ROOT; };
		49206EF825C035FC0088DBDF /* VideosListViewModel.swift */ = {isa = PBXFileReference; lastKnownFileType = sourcecode.swift; path = VideosListViewModel.swift; sourceTree = "<group>"; };
		49206F0B25C041E90088DBDF /* SearchBar.swift */ = {isa = PBXFileReference; lastKnownFileType = sourcecode.swift; path = SearchBar.swift; sourceTree = "<group>"; };
		492579AF25C05C30003B4BA8 /* VideosListViewModelTests.swift */ = {isa = PBXFileReference; lastKnownFileType = sourcecode.swift; path = VideosListViewModelTests.swift; sourceTree = "<group>"; };
		492E5E9726307744009DA42E /* MyTubeIntegrationTests.xctest */ = {isa = PBXFileReference; explicitFileType = wrapper.cfbundle; includeInIndex = 0; path = MyTubeIntegrationTests.xctest; sourceTree = BUILT_PRODUCTS_DIR; };
		492E5E9B26307744009DA42E /* Info.plist */ = {isa = PBXFileReference; lastKnownFileType = text.plist.xml; path = Info.plist; sourceTree = "<group>"; };
		492E5EA426307784009DA42E /* VideosListViewModelToVideoDetailViewModelTests.swift */ = {isa = PBXFileReference; lastKnownFileType = sourcecode.swift; path = VideosListViewModelToVideoDetailViewModelTests.swift; sourceTree = "<group>"; };
		493A339A262D8FB100FC9C8E /* VideosListViewModel+Redux.swift */ = {isa = PBXFileReference; lastKnownFileType = sourcecode.swift; path = "VideosListViewModel+Redux.swift"; sourceTree = "<group>"; };
		493A339F262D900F00FC9C8E /* VideoDetailViewModel+Redux.swift */ = {isa = PBXFileReference; lastKnownFileType = sourcecode.swift; path = "VideoDetailViewModel+Redux.swift"; sourceTree = "<group>"; };
		493A33AA262DA76B00FC9C8E /* CoreDataVideoPersistenceRepository.swift */ = {isa = PBXFileReference; lastKnownFileType = sourcecode.swift; path = CoreDataVideoPersistenceRepository.swift; sourceTree = "<group>"; };
		493FD38F263C204C00D8BABA /* Endpoint.swift */ = {isa = PBXFileReference; lastKnownFileType = sourcecode.swift; path = Endpoint.swift; sourceTree = "<group>"; };
		493FD397263C20AA00D8BABA /* Networking.swift */ = {isa = PBXFileReference; lastKnownFileType = sourcecode.swift; path = Networking.swift; sourceTree = "<group>"; };
		493FD39F263C22EE00D8BABA /* Endpoint+searchVideos.swift */ = {isa = PBXFileReference; lastKnownFileType = sourcecode.swift; path = "Endpoint+searchVideos.swift"; sourceTree = "<group>"; };
		493FD3A7263FC5A700D8BABA /* NetworkingTests.swift */ = {isa = PBXFileReference; lastKnownFileType = sourcecode.swift; path = NetworkingTests.swift; sourceTree = "<group>"; };
		493FD3AC2640121A00D8BABA /* Networking+URLSession.swift */ = {isa = PBXFileReference; lastKnownFileType = sourcecode.swift; path = "Networking+URLSession.swift"; sourceTree = "<group>"; };
		493FD3B12640173000D8BABA /* EndpointTests.swift */ = {isa = PBXFileReference; lastKnownFileType = sourcecode.swift; path = EndpointTests.swift; sourceTree = "<group>"; };
		493FD3B6264026DC00D8BABA /* Endpoint+SearchVideosTests.swift */ = {isa = PBXFileReference; lastKnownFileType = sourcecode.swift; path = "Endpoint+SearchVideosTests.swift"; sourceTree = "<group>"; };
		493FD3BB26402AC600D8BABA /* SearchVideosRepository+YouTubeTests.swift */ = {isa = PBXFileReference; lastKnownFileType = sourcecode.swift; path = "SearchVideosRepository+YouTubeTests.swift"; sourceTree = "<group>"; };
		493FD3C6264114AF00D8BABA /* LoadSavedVideosUseCase.swift */ = {isa = PBXFileReference; lastKnownFileType = sourcecode.swift; path = LoadSavedVideosUseCase.swift; sourceTree = "<group>"; };
		493FD3CB26411B5400D8BABA /* VideosListViewModelMocks.swift */ = {isa = PBXFileReference; lastKnownFileType = sourcecode.swift; path = VideosListViewModelMocks.swift; sourceTree = "<group>"; };
		493FD3D826426D9A00D8BABA /* LoadSavedVideosRepository+CoreData.swift */ = {isa = PBXFileReference; lastKnownFileType = sourcecode.swift; path = "LoadSavedVideosRepository+CoreData.swift"; sourceTree = "<group>"; };
		493FD3DD26426E4800D8BABA /* LoadSavedVideosRepository+CoreDataTests.swift */ = {isa = PBXFileReference; lastKnownFileType = sourcecode.swift; path = "LoadSavedVideosRepository+CoreDataTests.swift"; sourceTree = "<group>"; };
		49495DF125C4345C00B5B616 /* SearchVideosRepository+YouTube.swift */ = {isa = PBXFileReference; lastKnownFileType = sourcecode.swift; path = "SearchVideosRepository+YouTube.swift"; sourceTree = "<group>"; };
		49495DF825C92EB000B5B616 /* ImageCache.swift */ = {isa = PBXFileReference; fileEncoding = 4; lastKnownFileType = sourcecode.swift; path = ImageCache.swift; sourceTree = "<group>"; };
		49495DF925C92EB000B5B616 /* ImageLoader.swift */ = {isa = PBXFileReference; fileEncoding = 4; lastKnownFileType = sourcecode.swift; path = ImageLoader.swift; sourceTree = "<group>"; };
		49495E0025C92EB000B5B616 /* AsyncImage.swift */ = {isa = PBXFileReference; fileEncoding = 4; lastKnownFileType = sourcecode.swift; path = AsyncImage.swift; sourceTree = "<group>"; };
		49495E2425C92F0400B5B616 /* EnvironmentValues+ImageCache.swift */ = {isa = PBXFileReference; fileEncoding = 4; lastKnownFileType = sourcecode.swift; path = "EnvironmentValues+ImageCache.swift"; sourceTree = "<group>"; };
		49495E4725CC05B200B5B616 /* VideoPlayerView.swift */ = {isa = PBXFileReference; lastKnownFileType = sourcecode.swift; path = VideoPlayerView.swift; sourceTree = "<group>"; };
		4954F01226286DB2008D0B60 /* Reducer.swift */ = {isa = PBXFileReference; lastKnownFileType = sourcecode.swift; path = Reducer.swift; sourceTree = "<group>"; };
		4954F02126286F25008D0B60 /* Store.swift */ = {isa = PBXFileReference; lastKnownFileType = sourcecode.swift; path = Store.swift; sourceTree = "<group>"; };
		4954F0262628724C008D0B60 /* Effect.swift */ = {isa = PBXFileReference; lastKnownFileType = sourcecode.swift; path = Effect.swift; sourceTree = "<group>"; };
		496AA5BE262DBE1E007DB54E /* LikeVideoRepository+CoreData.swift */ = {isa = PBXFileReference; lastKnownFileType = sourcecode.swift; path = "LikeVideoRepository+CoreData.swift"; sourceTree = "<group>"; };
		498782F425BE145D0079701A /* MyTube.app */ = {isa = PBXFileReference; explicitFileType = wrapper.application; includeInIndex = 0; path = MyTube.app; sourceTree = BUILT_PRODUCTS_DIR; };
		498782F725BE145D0079701A /* MyTubeApp.swift */ = {isa = PBXFileReference; lastKnownFileType = sourcecode.swift; path = MyTubeApp.swift; sourceTree = "<group>"; };
		498782FB25BE14600079701A /* Assets.xcassets */ = {isa = PBXFileReference; lastKnownFileType = folder.assetcatalog; path = Assets.xcassets; sourceTree = "<group>"; };
		498782FE25BE14600079701A /* Preview Assets.xcassets */ = {isa = PBXFileReference; lastKnownFileType = folder.assetcatalog; path = "Preview Assets.xcassets"; sourceTree = "<group>"; };
		4987830025BE14600079701A /* CoreDataPersistence.swift */ = {isa = PBXFileReference; lastKnownFileType = sourcecode.swift; path = CoreDataPersistence.swift; sourceTree = "<group>"; };
		4987830325BE14600079701A /* MyTube.xcdatamodel */ = {isa = PBXFileReference; lastKnownFileType = wrapper.xcdatamodel; path = MyTube.xcdatamodel; sourceTree = "<group>"; };
		4987830525BE14600079701A /* Info.plist */ = {isa = PBXFileReference; lastKnownFileType = text.plist.xml; path = Info.plist; sourceTree = "<group>"; };
		4987830A25BE14600079701A /* MyTubeTests.xctest */ = {isa = PBXFileReference; explicitFileType = wrapper.cfbundle; includeInIndex = 0; path = MyTubeTests.xctest; sourceTree = BUILT_PRODUCTS_DIR; };
		4987831025BE14600079701A /* Info.plist */ = {isa = PBXFileReference; lastKnownFileType = text.plist.xml; path = Info.plist; sourceTree = "<group>"; };
		4987832D25BE14D10079701A /* VideosListView.swift */ = {isa = PBXFileReference; lastKnownFileType = sourcecode.swift; path = VideosListView.swift; sourceTree = "<group>"; };
		4987833625BE93B10079701A /* VideoDetailView.swift */ = {isa = PBXFileReference; lastKnownFileType = sourcecode.swift; path = VideoDetailView.swift; sourceTree = "<group>"; };
		49B3F831262DB117005037DB /* LikeVideoRepository+CoreDataTests.swift */ = {isa = PBXFileReference; lastKnownFileType = sourcecode.swift; path = "LikeVideoRepository+CoreDataTests.swift"; sourceTree = "<group>"; };
/* End PBXFileReference section */

/* Begin PBXFrameworksBuildPhase section */
		492E5E9426307744009DA42E /* Frameworks */ = {
			isa = PBXFrameworksBuildPhase;
			buildActionMask = 2147483647;
			files = (
			);
			runOnlyForDeploymentPostprocessing = 0;
		};
		498782F125BE145D0079701A /* Frameworks */ = {
			isa = PBXFrameworksBuildPhase;
			buildActionMask = 2147483647;
			files = (
			);
			runOnlyForDeploymentPostprocessing = 0;
		};
		4987830725BE14600079701A /* Frameworks */ = {
			isa = PBXFrameworksBuildPhase;
			buildActionMask = 2147483647;
			files = (
				499F7E1125C142600099C1B0 /* CombineExpectations in Frameworks */,
			);
			runOnlyForDeploymentPostprocessing = 0;
		};
/* End PBXFrameworksBuildPhase section */

/* Begin PBXGroup section */
		491EE7BD262C7AD80093C977 /* Core */ = {
			isa = PBXGroup;
			children = (
				493FD3E6264275A900D8BABA /* Persistence */,
				491EE7C2262C7B2A0093C977 /* Architecture */,
				491EE7BE262C7AE00093C977 /* Entities */,
				491EE7BF262C7AE50093C977 /* Domain */,
				491EE7C0262C7AF30093C977 /* Data */,
				493FD38E263C202F00D8BABA /* Networking */,
			);
			path = Core;
			sourceTree = "<group>";
		};
		491EE7BE262C7AE00093C977 /* Entities */ = {
			isa = PBXGroup;
			children = (
				491EE7C3262D49990093C977 /* Video.swift */,
			);
			path = Entities;
			sourceTree = "<group>";
		};
		491EE7BF262C7AE50093C977 /* Domain */ = {
			isa = PBXGroup;
			children = (
				491EE7862629DDDA0093C977 /* SearchVideosUseCase.swift */,
				491EE78E2629DE300093C977 /* LikeVideoUseCase.swift */,
				493FD3C6264114AF00D8BABA /* LoadSavedVideosUseCase.swift */,
			);
			path = Domain;
			sourceTree = "<group>";
		};
		491EE7C0262C7AF30093C977 /* Data */ = {
			isa = PBXGroup;
			children = (
				49495DF125C4345C00B5B616 /* SearchVideosRepository+YouTube.swift */,
				496AA5BE262DBE1E007DB54E /* LikeVideoRepository+CoreData.swift */,
				493FD3D826426D9A00D8BABA /* LoadSavedVideosRepository+CoreData.swift */,
			);
			path = Data;
			sourceTree = "<group>";
		};
		491EE7C2262C7B2A0093C977 /* Architecture */ = {
			isa = PBXGroup;
			children = (
				4954F01226286DB2008D0B60 /* Reducer.swift */,
				4954F0262628724C008D0B60 /* Effect.swift */,
				4954F02126286F25008D0B60 /* Store.swift */,
			);
			path = Architecture;
			sourceTree = "<group>";
		};
		492E5E9826307744009DA42E /* MyTubeIntegrationTests */ = {
			isa = PBXGroup;
			children = (
				492E5EA426307784009DA42E /* VideosListViewModelToVideoDetailViewModelTests.swift */,
				492E5E9B26307744009DA42E /* Info.plist */,
			);
			path = MyTubeIntegrationTests;
			sourceTree = "<group>";
		};
		493FD38E263C202F00D8BABA /* Networking */ = {
			isa = PBXGroup;
			children = (
				493FD397263C20AA00D8BABA /* Networking.swift */,
				493FD3AC2640121A00D8BABA /* Networking+URLSession.swift */,
				493FD38F263C204C00D8BABA /* Endpoint.swift */,
				493FD39F263C22EE00D8BABA /* Endpoint+searchVideos.swift */,
			);
			path = Networking;
			sourceTree = "<group>";
		};
		493FD3E6264275A900D8BABA /* Persistence */ = {
			isa = PBXGroup;
			children = (
				493A33AA262DA76B00FC9C8E /* CoreDataVideoPersistenceRepository.swift */,
				4987830025BE14600079701A /* CoreDataPersistence.swift */,
			);
			path = Persistence;
			sourceTree = "<group>";
		};
		493FD3EA264277DC00D8BABA /* Core */ = {
			isa = PBXGroup;
			children = (
				493FD3EB264277E200D8BABA /* Data */,
				493FD3EC264277F900D8BABA /* Networking */,
			);
			path = Core;
			sourceTree = "<group>";
		};
		493FD3EB264277E200D8BABA /* Data */ = {
			isa = PBXGroup;
			children = (
				49B3F831262DB117005037DB /* LikeVideoRepository+CoreDataTests.swift */,
				493FD3BB26402AC600D8BABA /* SearchVideosRepository+YouTubeTests.swift */,
				493FD3DD26426E4800D8BABA /* LoadSavedVideosRepository+CoreDataTests.swift */,
			);
			path = Data;
			sourceTree = "<group>";
		};
		493FD3EC264277F900D8BABA /* Networking */ = {
			isa = PBXGroup;
			children = (
				493FD3A7263FC5A700D8BABA /* NetworkingTests.swift */,
				493FD3B12640173000D8BABA /* EndpointTests.swift */,
				493FD3B6264026DC00D8BABA /* Endpoint+SearchVideosTests.swift */,
			);
			path = Networking;
			sourceTree = "<group>";
		};
		493FD3F32642780B00D8BABA /* Helpers */ = {
			isa = PBXGroup;
			children = (
				491EE7AA262B98410093C977 /* Helpers.swift */,
				493FD3CB26411B5400D8BABA /* VideosListViewModelMocks.swift */,
			);
			path = Helpers;
			sourceTree = "<group>";
		};
		493FD3F42642782800D8BABA /* Features */ = {
			isa = PBXGroup;
			children = (
				493FD3F52642783100D8BABA /* Videos List */,
				493FD3F62642783F00D8BABA /* Video Detail */,
			);
			path = Features;
			sourceTree = "<group>";
		};
		493FD3F52642783100D8BABA /* Videos List */ = {
			isa = PBXGroup;
			children = (
				492579AF25C05C30003B4BA8 /* VideosListViewModelTests.swift */,
			);
			path = "Videos List";
			sourceTree = "<group>";
		};
		493FD3F62642783F00D8BABA /* Video Detail */ = {
			isa = PBXGroup;
			children = (
				491EE7A2262B877F0093C977 /* VideoDetailViewModelTests.swift */,
				491EE7B2262B9FA10093C977 /* VideoDetailViewModelStoreTypeTests.swift */,
			);
			path = "Video Detail";
			sourceTree = "<group>";
		};
		49495DF625C92E9400B5B616 /* Frameworks */ = {
			isa = PBXGroup;
			children = (
				49495DF725C92EB000B5B616 /* AsyncImage */,
			);
			path = Frameworks;
			sourceTree = "<group>";
		};
		49495DF725C92EB000B5B616 /* AsyncImage */ = {
			isa = PBXGroup;
			children = (
				49495DF825C92EB000B5B616 /* ImageCache.swift */,
				49495DF925C92EB000B5B616 /* ImageLoader.swift */,
				49495E2425C92F0400B5B616 /* EnvironmentValues+ImageCache.swift */,
				49495E0025C92EB000B5B616 /* AsyncImage.swift */,
			);
			path = AsyncImage;
			sourceTree = "<group>";
		};
		4978DA3D25CD1DA90089C0F7 /* Features */ = {
			isa = PBXGroup;
			children = (
				4978DA4125CD1DC60089C0F7 /* Videos List */,
				4978DA4425CD1E090089C0F7 /* Video Detail */,
				4978DA4525CD1E170089C0F7 /* Video Player */,
			);
			path = Features;
			sourceTree = "<group>";
		};
		4978DA4125CD1DC60089C0F7 /* Videos List */ = {
			isa = PBXGroup;
			children = (
				4987832D25BE14D10079701A /* VideosListView.swift */,
				49206EF825C035FC0088DBDF /* VideosListViewModel.swift */,
				493A339A262D8FB100FC9C8E /* VideosListViewModel+Redux.swift */,
			);
			path = "Videos List";
			sourceTree = "<group>";
		};
		4978DA4425CD1E090089C0F7 /* Video Detail */ = {
			isa = PBXGroup;
			children = (
				4987833625BE93B10079701A /* VideoDetailView.swift */,
				491EE7802629A7460093C977 /* VideoDetailViewModel.swift */,
				493A339F262D900F00FC9C8E /* VideoDetailViewModel+Redux.swift */,
			);
			path = "Video Detail";
			sourceTree = "<group>";
		};
		4978DA4525CD1E170089C0F7 /* Video Player */ = {
			isa = PBXGroup;
			children = (
				49495E4725CC05B200B5B616 /* VideoPlayerView.swift */,
			);
			path = "Video Player";
			sourceTree = "<group>";
		};
		4978DA4625CD1E2B0089C0F7 /* UI Components */ = {
			isa = PBXGroup;
			children = (
				49206F0B25C041E90088DBDF /* SearchBar.swift */,
			);
			path = "UI Components";
			sourceTree = "<group>";
		};
		498782EB25BE145D0079701A = {
			isa = PBXGroup;
			children = (
				498782F625BE145D0079701A /* MyTube */,
				49495DF625C92E9400B5B616 /* Frameworks */,
				4987830D25BE14600079701A /* MyTubeTests */,
				492E5E9826307744009DA42E /* MyTubeIntegrationTests */,
				498782F525BE145D0079701A /* Products */,
			);
			sourceTree = "<group>";
		};
		498782F525BE145D0079701A /* Products */ = {
			isa = PBXGroup;
			children = (
				498782F425BE145D0079701A /* MyTube.app */,
				4987830A25BE14600079701A /* MyTubeTests.xctest */,
				492E5E9726307744009DA42E /* MyTubeIntegrationTests.xctest */,
			);
			name = Products;
			sourceTree = "<group>";
		};
		498782F625BE145D0079701A /* MyTube */ = {
			isa = PBXGroup;
			children = (
				498782F725BE145D0079701A /* MyTubeApp.swift */,
				4978DA3D25CD1DA90089C0F7 /* Features */,
				4978DA4625CD1E2B0089C0F7 /* UI Components */,
				491EE7BD262C7AD80093C977 /* Core */,
				498782FB25BE14600079701A /* Assets.xcassets */,
				4987830525BE14600079701A /* Info.plist */,
				4987830225BE14600079701A /* MyTube.xcdatamodeld */,
				498782FD25BE14600079701A /* Preview Content */,
			);
			path = MyTube;
			sourceTree = "<group>";
		};
		498782FD25BE14600079701A /* Preview Content */ = {
			isa = PBXGroup;
			children = (
				498782FE25BE14600079701A /* Preview Assets.xcassets */,
			);
			path = "Preview Content";
			sourceTree = "<group>";
		};
		4987830D25BE14600079701A /* MyTubeTests */ = {
			isa = PBXGroup;
			children = (
				493FD3F42642782800D8BABA /* Features */,
				493FD3EA264277DC00D8BABA /* Core */,
				493FD3F32642780B00D8BABA /* Helpers */,
				4987831025BE14600079701A /* Info.plist */,
			);
			path = MyTubeTests;
			sourceTree = "<group>";
		};
/* End PBXGroup section */

/* Begin PBXNativeTarget section */
		492E5E9626307744009DA42E /* MyTubeIntegrationTests */ = {
			isa = PBXNativeTarget;
			buildConfigurationList = 492E5EA026307745009DA42E /* Build configuration list for PBXNativeTarget "MyTubeIntegrationTests" */;
			buildPhases = (
				492E5E9326307744009DA42E /* Sources */,
				492E5E9426307744009DA42E /* Frameworks */,
				492E5E9526307744009DA42E /* Resources */,
			);
			buildRules = (
			);
			dependencies = (
				492E5E9D26307744009DA42E /* PBXTargetDependency */,
			);
			name = MyTubeIntegrationTests;
			productName = MyTubeIntegrationTests;
			productReference = 492E5E9726307744009DA42E /* MyTubeIntegrationTests.xctest */;
			productType = "com.apple.product-type.bundle.unit-test";
		};
		498782F325BE145D0079701A /* MyTube */ = {
			isa = PBXNativeTarget;
			buildConfigurationList = 4987831E25BE14600079701A /* Build configuration list for PBXNativeTarget "MyTube" */;
			buildPhases = (
				498782F025BE145D0079701A /* Sources */,
				498782F125BE145D0079701A /* Frameworks */,
				498782F225BE145D0079701A /* Resources */,
			);
			buildRules = (
			);
			dependencies = (
			);
			name = MyTube;
			packageProductDependencies = (
			);
			productName = MyTube;
			productReference = 498782F425BE145D0079701A /* MyTube.app */;
			productType = "com.apple.product-type.application";
		};
		4987830925BE14600079701A /* MyTubeTests */ = {
			isa = PBXNativeTarget;
			buildConfigurationList = 4987832125BE14600079701A /* Build configuration list for PBXNativeTarget "MyTubeTests" */;
			buildPhases = (
				4987830625BE14600079701A /* Sources */,
				4987830725BE14600079701A /* Frameworks */,
				4987830825BE14600079701A /* Resources */,
			);
			buildRules = (
			);
			dependencies = (
				4987830C25BE14600079701A /* PBXTargetDependency */,
			);
			name = MyTubeTests;
			packageProductDependencies = (
				499F7E1025C142600099C1B0 /* CombineExpectations */,
			);
			productName = MyTubeTests;
			productReference = 4987830A25BE14600079701A /* MyTubeTests.xctest */;
			productType = "com.apple.product-type.bundle.unit-test";
		};
/* End PBXNativeTarget section */

/* Begin PBXProject section */
		498782EC25BE145D0079701A /* Project object */ = {
			isa = PBXProject;
			attributes = {
				LastSwiftUpdateCheck = 1240;
				LastUpgradeCheck = 1220;
				TargetAttributes = {
					492E5E9626307744009DA42E = {
						CreatedOnToolsVersion = 12.4;
						TestTargetID = 498782F325BE145D0079701A;
					};
					498782F325BE145D0079701A = {
						CreatedOnToolsVersion = 12.2;
					};
					4987830925BE14600079701A = {
						CreatedOnToolsVersion = 12.2;
						TestTargetID = 498782F325BE145D0079701A;
					};
				};
			};
			buildConfigurationList = 498782EF25BE145D0079701A /* Build configuration list for PBXProject "MyTube" */;
			compatibilityVersion = "Xcode 9.3";
			developmentRegion = en;
			hasScannedForEncodings = 0;
			knownRegions = (
				en,
				Base,
			);
			mainGroup = 498782EB25BE145D0079701A;
			packageReferences = (
				499F7E0F25C142600099C1B0 /* XCRemoteSwiftPackageReference "CombineExpectations" */,
			);
			productRefGroup = 498782F525BE145D0079701A /* Products */;
			projectDirPath = "";
			projectRoot = "";
			targets = (
				498782F325BE145D0079701A /* MyTube */,
				4987830925BE14600079701A /* MyTubeTests */,
				492E5E9626307744009DA42E /* MyTubeIntegrationTests */,
			);
		};
/* End PBXProject section */

/* Begin PBXResourcesBuildPhase section */
		492E5E9526307744009DA42E /* Resources */ = {
			isa = PBXResourcesBuildPhase;
			buildActionMask = 2147483647;
			files = (
			);
			runOnlyForDeploymentPostprocessing = 0;
		};
		498782F225BE145D0079701A /* Resources */ = {
			isa = PBXResourcesBuildPhase;
			buildActionMask = 2147483647;
			files = (
				498782FF25BE14600079701A /* Preview Assets.xcassets in Resources */,
				498782FC25BE14600079701A /* Assets.xcassets in Resources */,
			);
			runOnlyForDeploymentPostprocessing = 0;
		};
		4987830825BE14600079701A /* Resources */ = {
			isa = PBXResourcesBuildPhase;
			buildActionMask = 2147483647;
			files = (
			);
			runOnlyForDeploymentPostprocessing = 0;
		};
/* End PBXResourcesBuildPhase section */

/* Begin PBXSourcesBuildPhase section */
		492E5E9326307744009DA42E /* Sources */ = {
			isa = PBXSourcesBuildPhase;
			buildActionMask = 2147483647;
			files = (
				493FD3D026411B7D00D8BABA /* VideosListViewModelMocks.swift in Sources */,
				493FD3D426411B9D00D8BABA /* Helpers.swift in Sources */,
				492E5EA526307784009DA42E /* VideosListViewModelToVideoDetailViewModelTests.swift in Sources */,
			);
			runOnlyForDeploymentPostprocessing = 0;
		};
		498782F025BE145D0079701A /* Sources */ = {
			isa = PBXSourcesBuildPhase;
			buildActionMask = 2147483647;
			files = (
				493FD3D926426D9A00D8BABA /* LoadSavedVideosRepository+CoreData.swift in Sources */,
				49206F0C25C041E90088DBDF /* SearchBar.swift in Sources */,
				491EE78F2629DE300093C977 /* LikeVideoUseCase.swift in Sources */,
				4987830125BE14600079701A /* CoreDataPersistence.swift in Sources */,
				493FD3A0263C22EE00D8BABA /* Endpoint+searchVideos.swift in Sources */,
				493FD398263C20AA00D8BABA /* Networking.swift in Sources */,
				4954F01326286DB2008D0B60 /* Reducer.swift in Sources */,
				4987833725BE93B10079701A /* VideoDetailView.swift in Sources */,
				49495E0D25C92EB000B5B616 /* AsyncImage.swift in Sources */,
				49495E2525C92F0400B5B616 /* EnvironmentValues+ImageCache.swift in Sources */,
				493A339B262D8FB100FC9C8E /* VideosListViewModel+Redux.swift in Sources */,
				49495DF225C4345C00B5B616 /* SearchVideosRepository+YouTube.swift in Sources */,
				4987830425BE14600079701A /* MyTube.xcdatamodeld in Sources */,
				491EE7C4262D49990093C977 /* Video.swift in Sources */,
				496AA5BF262DBE1E007DB54E /* LikeVideoRepository+CoreData.swift in Sources */,
				4987832E25BE14D10079701A /* VideosListView.swift in Sources */,
				493FD3C7264114AF00D8BABA /* LoadSavedVideosUseCase.swift in Sources */,
				493A33A0262D900F00FC9C8E /* VideoDetailViewModel+Redux.swift in Sources */,
				493FD3AD2640121A00D8BABA /* Networking+URLSession.swift in Sources */,
				49495E0725C92EB000B5B616 /* ImageCache.swift in Sources */,
				4954F02226286F26008D0B60 /* Store.swift in Sources */,
				49206EF925C035FC0088DBDF /* VideosListViewModel.swift in Sources */,
				4954F0272628724D008D0B60 /* Effect.swift in Sources */,
				493A33AB262DA76B00FC9C8E /* CoreDataVideoPersistenceRepository.swift in Sources */,
				491EE7812629A7460093C977 /* VideoDetailViewModel.swift in Sources */,
				498782F825BE145D0079701A /* MyTubeApp.swift in Sources */,
				49495E0825C92EB000B5B616 /* ImageLoader.swift in Sources */,
				491EE7872629DDDA0093C977 /* SearchVideosUseCase.swift in Sources */,
				49495E4825CC05B200B5B616 /* VideoPlayerView.swift in Sources */,
				493FD390263C204C00D8BABA /* Endpoint.swift in Sources */,
			);
			runOnlyForDeploymentPostprocessing = 0;
		};
		4987830625BE14600079701A /* Sources */ = {
			isa = PBXSourcesBuildPhase;
			buildActionMask = 2147483647;
			files = (
				492579B025C05C30003B4BA8 /* VideosListViewModelTests.swift in Sources */,
				493FD3A8263FC5A700D8BABA /* NetworkingTests.swift in Sources */,
				491EE7AB262B98410093C977 /* Helpers.swift in Sources */,
				49B3F832262DB117005037DB /* LikeVideoRepository+CoreDataTests.swift in Sources */,
				493FD3DE26426E4800D8BABA /* LoadSavedVideosRepository+CoreDataTests.swift in Sources */,
				493FD3BC26402AC600D8BABA /* SearchVideosRepository+YouTubeTests.swift in Sources */,
				493FD3B7264026DC00D8BABA /* Endpoint+SearchVideosTests.swift in Sources */,
				493FD3CC26411B5400D8BABA /* VideosListViewModelMocks.swift in Sources */,
				491EE7A3262B877F0093C977 /* VideoDetailViewModelTests.swift in Sources */,
				493FD3B22640173000D8BABA /* EndpointTests.swift in Sources */,
				491EE7B3262B9FA10093C977 /* VideoDetailViewModelStoreTypeTests.swift in Sources */,
			);
			runOnlyForDeploymentPostprocessing = 0;
		};
/* End PBXSourcesBuildPhase section */

/* Begin PBXTargetDependency section */
		492E5E9D26307744009DA42E /* PBXTargetDependency */ = {
			isa = PBXTargetDependency;
			target = 498782F325BE145D0079701A /* MyTube */;
			targetProxy = 492E5E9C26307744009DA42E /* PBXContainerItemProxy */;
		};
		4987830C25BE14600079701A /* PBXTargetDependency */ = {
			isa = PBXTargetDependency;
			target = 498782F325BE145D0079701A /* MyTube */;
			targetProxy = 4987830B25BE14600079701A /* PBXContainerItemProxy */;
		};
/* End PBXTargetDependency section */

/* Begin XCBuildConfiguration section */
		492E5E9E26307744009DA42E /* Debug */ = {
			isa = XCBuildConfiguration;
			buildSettings = {
				BUNDLE_LOADER = "$(TEST_HOST)";
				CODE_SIGN_STYLE = Automatic;
				DEVELOPMENT_TEAM = DT55KV28NQ;
				INFOPLIST_FILE = MyTubeIntegrationTests/Info.plist;
				IPHONEOS_DEPLOYMENT_TARGET = 14.4;
				LD_RUNPATH_SEARCH_PATHS = (
					"$(inherited)",
					"@executable_path/Frameworks",
					"@loader_path/Frameworks",
				);
				PRODUCT_BUNDLE_IDENTIFIER = com.jiriurbasek.MyTubeIntegrationTests;
				PRODUCT_NAME = "$(TARGET_NAME)";
				SWIFT_VERSION = 5.0;
				TARGETED_DEVICE_FAMILY = "1,2";
				TEST_HOST = "$(BUILT_PRODUCTS_DIR)/MyTube.app/MyTube";
			};
			name = Debug;
		};
		492E5E9F26307744009DA42E /* Release */ = {
			isa = XCBuildConfiguration;
			buildSettings = {
				BUNDLE_LOADER = "$(TEST_HOST)";
				CODE_SIGN_STYLE = Automatic;
				DEVELOPMENT_TEAM = DT55KV28NQ;
				INFOPLIST_FILE = MyTubeIntegrationTests/Info.plist;
				IPHONEOS_DEPLOYMENT_TARGET = 14.4;
				LD_RUNPATH_SEARCH_PATHS = (
					"$(inherited)",
					"@executable_path/Frameworks",
					"@loader_path/Frameworks",
				);
				PRODUCT_BUNDLE_IDENTIFIER = com.jiriurbasek.MyTubeIntegrationTests;
				PRODUCT_NAME = "$(TARGET_NAME)";
				SWIFT_VERSION = 5.0;
				TARGETED_DEVICE_FAMILY = "1,2";
				TEST_HOST = "$(BUILT_PRODUCTS_DIR)/MyTube.app/MyTube";
			};
			name = Release;
		};
		4987831C25BE14600079701A /* Debug */ = {
			isa = XCBuildConfiguration;
			buildSettings = {
				ALWAYS_SEARCH_USER_PATHS = NO;
				CLANG_ANALYZER_NONNULL = YES;
				CLANG_ANALYZER_NUMBER_OBJECT_CONVERSION = YES_AGGRESSIVE;
				CLANG_CXX_LANGUAGE_STANDARD = "gnu++14";
				CLANG_CXX_LIBRARY = "libc++";
				CLANG_ENABLE_MODULES = YES;
				CLANG_ENABLE_OBJC_ARC = YES;
				CLANG_ENABLE_OBJC_WEAK = YES;
				CLANG_WARN_BLOCK_CAPTURE_AUTORELEASING = YES;
				CLANG_WARN_BOOL_CONVERSION = YES;
				CLANG_WARN_COMMA = YES;
				CLANG_WARN_CONSTANT_CONVERSION = YES;
				CLANG_WARN_DEPRECATED_OBJC_IMPLEMENTATIONS = YES;
				CLANG_WARN_DIRECT_OBJC_ISA_USAGE = YES_ERROR;
				CLANG_WARN_DOCUMENTATION_COMMENTS = YES;
				CLANG_WARN_EMPTY_BODY = YES;
				CLANG_WARN_ENUM_CONVERSION = YES;
				CLANG_WARN_INFINITE_RECURSION = YES;
				CLANG_WARN_INT_CONVERSION = YES;
				CLANG_WARN_NON_LITERAL_NULL_CONVERSION = YES;
				CLANG_WARN_OBJC_IMPLICIT_RETAIN_SELF = YES;
				CLANG_WARN_OBJC_LITERAL_CONVERSION = YES;
				CLANG_WARN_OBJC_ROOT_CLASS = YES_ERROR;
				CLANG_WARN_QUOTED_INCLUDE_IN_FRAMEWORK_HEADER = YES;
				CLANG_WARN_RANGE_LOOP_ANALYSIS = YES;
				CLANG_WARN_STRICT_PROTOTYPES = YES;
				CLANG_WARN_SUSPICIOUS_MOVE = YES;
				CLANG_WARN_UNGUARDED_AVAILABILITY = YES_AGGRESSIVE;
				CLANG_WARN_UNREACHABLE_CODE = YES;
				CLANG_WARN__DUPLICATE_METHOD_MATCH = YES;
				COPY_PHASE_STRIP = NO;
				DEBUG_INFORMATION_FORMAT = dwarf;
				ENABLE_STRICT_OBJC_MSGSEND = YES;
				ENABLE_TESTABILITY = YES;
				GCC_C_LANGUAGE_STANDARD = gnu11;
				GCC_DYNAMIC_NO_PIC = NO;
				GCC_NO_COMMON_BLOCKS = YES;
				GCC_OPTIMIZATION_LEVEL = 0;
				GCC_PREPROCESSOR_DEFINITIONS = (
					"DEBUG=1",
					"$(inherited)",
				);
				GCC_WARN_64_TO_32_BIT_CONVERSION = YES;
				GCC_WARN_ABOUT_RETURN_TYPE = YES_ERROR;
				GCC_WARN_UNDECLARED_SELECTOR = YES;
				GCC_WARN_UNINITIALIZED_AUTOS = YES_AGGRESSIVE;
				GCC_WARN_UNUSED_FUNCTION = YES;
				GCC_WARN_UNUSED_VARIABLE = YES;
				IPHONEOS_DEPLOYMENT_TARGET = 14.2;
				MTL_ENABLE_DEBUG_INFO = INCLUDE_SOURCE;
				MTL_FAST_MATH = YES;
				ONLY_ACTIVE_ARCH = YES;
				SDKROOT = iphoneos;
				SWIFT_ACTIVE_COMPILATION_CONDITIONS = DEBUG;
				SWIFT_OPTIMIZATION_LEVEL = "-Onone";
			};
			name = Debug;
		};
		4987831D25BE14600079701A /* Release */ = {
			isa = XCBuildConfiguration;
			buildSettings = {
				ALWAYS_SEARCH_USER_PATHS = NO;
				CLANG_ANALYZER_NONNULL = YES;
				CLANG_ANALYZER_NUMBER_OBJECT_CONVERSION = YES_AGGRESSIVE;
				CLANG_CXX_LANGUAGE_STANDARD = "gnu++14";
				CLANG_CXX_LIBRARY = "libc++";
				CLANG_ENABLE_MODULES = YES;
				CLANG_ENABLE_OBJC_ARC = YES;
				CLANG_ENABLE_OBJC_WEAK = YES;
				CLANG_WARN_BLOCK_CAPTURE_AUTORELEASING = YES;
				CLANG_WARN_BOOL_CONVERSION = YES;
				CLANG_WARN_COMMA = YES;
				CLANG_WARN_CONSTANT_CONVERSION = YES;
				CLANG_WARN_DEPRECATED_OBJC_IMPLEMENTATIONS = YES;
				CLANG_WARN_DIRECT_OBJC_ISA_USAGE = YES_ERROR;
				CLANG_WARN_DOCUMENTATION_COMMENTS = YES;
				CLANG_WARN_EMPTY_BODY = YES;
				CLANG_WARN_ENUM_CONVERSION = YES;
				CLANG_WARN_INFINITE_RECURSION = YES;
				CLANG_WARN_INT_CONVERSION = YES;
				CLANG_WARN_NON_LITERAL_NULL_CONVERSION = YES;
				CLANG_WARN_OBJC_IMPLICIT_RETAIN_SELF = YES;
				CLANG_WARN_OBJC_LITERAL_CONVERSION = YES;
				CLANG_WARN_OBJC_ROOT_CLASS = YES_ERROR;
				CLANG_WARN_QUOTED_INCLUDE_IN_FRAMEWORK_HEADER = YES;
				CLANG_WARN_RANGE_LOOP_ANALYSIS = YES;
				CLANG_WARN_STRICT_PROTOTYPES = YES;
				CLANG_WARN_SUSPICIOUS_MOVE = YES;
				CLANG_WARN_UNGUARDED_AVAILABILITY = YES_AGGRESSIVE;
				CLANG_WARN_UNREACHABLE_CODE = YES;
				CLANG_WARN__DUPLICATE_METHOD_MATCH = YES;
				COPY_PHASE_STRIP = NO;
				DEBUG_INFORMATION_FORMAT = "dwarf-with-dsym";
				ENABLE_NS_ASSERTIONS = NO;
				ENABLE_STRICT_OBJC_MSGSEND = YES;
				GCC_C_LANGUAGE_STANDARD = gnu11;
				GCC_NO_COMMON_BLOCKS = YES;
				GCC_WARN_64_TO_32_BIT_CONVERSION = YES;
				GCC_WARN_ABOUT_RETURN_TYPE = YES_ERROR;
				GCC_WARN_UNDECLARED_SELECTOR = YES;
				GCC_WARN_UNINITIALIZED_AUTOS = YES_AGGRESSIVE;
				GCC_WARN_UNUSED_FUNCTION = YES;
				GCC_WARN_UNUSED_VARIABLE = YES;
				IPHONEOS_DEPLOYMENT_TARGET = 14.2;
				MTL_ENABLE_DEBUG_INFO = NO;
				MTL_FAST_MATH = YES;
				SDKROOT = iphoneos;
				SWIFT_COMPILATION_MODE = wholemodule;
				SWIFT_OPTIMIZATION_LEVEL = "-O";
				VALIDATE_PRODUCT = YES;
			};
			name = Release;
		};
		4987831F25BE14600079701A /* Debug */ = {
			isa = XCBuildConfiguration;
			buildSettings = {
				ASSETCATALOG_COMPILER_APPICON_NAME = AppIcon;
				ASSETCATALOG_COMPILER_GLOBAL_ACCENT_COLOR_NAME = AccentColor;
				CODE_SIGN_STYLE = Automatic;
				DEVELOPMENT_ASSET_PATHS = "\"MyTube/Preview Content\"";
				DEVELOPMENT_TEAM = DT55KV28NQ;
				ENABLE_PREVIEWS = YES;
				INFOPLIST_FILE = MyTube/Info.plist;
				IPHONEOS_DEPLOYMENT_TARGET = 14.0;
				LD_RUNPATH_SEARCH_PATHS = (
					"$(inherited)",
					"@executable_path/Frameworks",
				);
				PRODUCT_BUNDLE_IDENTIFIER = com.jiriurbasek.MyTube;
				PRODUCT_NAME = "$(TARGET_NAME)";
				SWIFT_VERSION = 5.0;
				TARGETED_DEVICE_FAMILY = "1,2";
			};
			name = Debug;
		};
		4987832025BE14600079701A /* Release */ = {
			isa = XCBuildConfiguration;
			buildSettings = {
				ASSETCATALOG_COMPILER_APPICON_NAME = AppIcon;
				ASSETCATALOG_COMPILER_GLOBAL_ACCENT_COLOR_NAME = AccentColor;
				CODE_SIGN_STYLE = Automatic;
				DEVELOPMENT_ASSET_PATHS = "\"MyTube/Preview Content\"";
				DEVELOPMENT_TEAM = DT55KV28NQ;
				ENABLE_PREVIEWS = YES;
				INFOPLIST_FILE = MyTube/Info.plist;
				IPHONEOS_DEPLOYMENT_TARGET = 14.0;
				LD_RUNPATH_SEARCH_PATHS = (
					"$(inherited)",
					"@executable_path/Frameworks",
				);
				PRODUCT_BUNDLE_IDENTIFIER = com.jiriurbasek.MyTube;
				PRODUCT_NAME = "$(TARGET_NAME)";
				SWIFT_VERSION = 5.0;
				TARGETED_DEVICE_FAMILY = "1,2";
			};
			name = Release;
		};
		4987832225BE14600079701A /* Debug */ = {
			isa = XCBuildConfiguration;
			buildSettings = {
				ALWAYS_EMBED_SWIFT_STANDARD_LIBRARIES = YES;
				BUNDLE_LOADER = "$(TEST_HOST)";
				CODE_SIGN_STYLE = Automatic;
				DEVELOPMENT_TEAM = DT55KV28NQ;
				INFOPLIST_FILE = MyTubeTests/Info.plist;
				IPHONEOS_DEPLOYMENT_TARGET = 14.0;
				LD_RUNPATH_SEARCH_PATHS = (
					"$(inherited)",
					"@executable_path/Frameworks",
					"@loader_path/Frameworks",
				);
				PRODUCT_BUNDLE_IDENTIFIER = com.jiriurbasek.MyTubeTests;
				PRODUCT_NAME = "$(TARGET_NAME)";
				SWIFT_VERSION = 5.0;
				TARGETED_DEVICE_FAMILY = "1,2";
				TEST_HOST = "$(BUILT_PRODUCTS_DIR)/MyTube.app/MyTube";
			};
			name = Debug;
		};
		4987832325BE14600079701A /* Release */ = {
			isa = XCBuildConfiguration;
			buildSettings = {
				ALWAYS_EMBED_SWIFT_STANDARD_LIBRARIES = YES;
				BUNDLE_LOADER = "$(TEST_HOST)";
				CODE_SIGN_STYLE = Automatic;
				DEVELOPMENT_TEAM = DT55KV28NQ;
				INFOPLIST_FILE = MyTubeTests/Info.plist;
				IPHONEOS_DEPLOYMENT_TARGET = 14.0;
				LD_RUNPATH_SEARCH_PATHS = (
					"$(inherited)",
					"@executable_path/Frameworks",
					"@loader_path/Frameworks",
				);
				PRODUCT_BUNDLE_IDENTIFIER = com.jiriurbasek.MyTubeTests;
				PRODUCT_NAME = "$(TARGET_NAME)";
				SWIFT_VERSION = 5.0;
				TARGETED_DEVICE_FAMILY = "1,2";
				TEST_HOST = "$(BUILT_PRODUCTS_DIR)/MyTube.app/MyTube";
			};
			name = Release;
		};
/* End XCBuildConfiguration section */

/* Begin XCConfigurationList section */
		492E5EA026307745009DA42E /* Build configuration list for PBXNativeTarget "MyTubeIntegrationTests" */ = {
			isa = XCConfigurationList;
			buildConfigurations = (
				492E5E9E26307744009DA42E /* Debug */,
				492E5E9F26307744009DA42E /* Release */,
			);
			defaultConfigurationIsVisible = 0;
			defaultConfigurationName = Release;
		};
		498782EF25BE145D0079701A /* Build configuration list for PBXProject "MyTube" */ = {
			isa = XCConfigurationList;
			buildConfigurations = (
				4987831C25BE14600079701A /* Debug */,
				4987831D25BE14600079701A /* Release */,
			);
			defaultConfigurationIsVisible = 0;
			defaultConfigurationName = Release;
		};
		4987831E25BE14600079701A /* Build configuration list for PBXNativeTarget "MyTube" */ = {
			isa = XCConfigurationList;
			buildConfigurations = (
				4987831F25BE14600079701A /* Debug */,
				4987832025BE14600079701A /* Release */,
			);
			defaultConfigurationIsVisible = 0;
			defaultConfigurationName = Release;
		};
		4987832125BE14600079701A /* Build configuration list for PBXNativeTarget "MyTubeTests" */ = {
			isa = XCConfigurationList;
			buildConfigurations = (
				4987832225BE14600079701A /* Debug */,
				4987832325BE14600079701A /* Release */,
			);
			defaultConfigurationIsVisible = 0;
			defaultConfigurationName = Release;
		};
/* End XCConfigurationList section */

/* Begin XCRemoteSwiftPackageReference section */
		499F7E0F25C142600099C1B0 /* XCRemoteSwiftPackageReference "CombineExpectations" */ = {
			isa = XCRemoteSwiftPackageReference;
			repositoryURL = "https://github.com/groue/CombineExpectations.git";
			requirement = {
				kind = upToNextMajorVersion;
				minimumVersion = 0.7.0;
			};
		};
/* End XCRemoteSwiftPackageReference section */

/* Begin XCSwiftPackageProductDependency section */
		499F7E1025C142600099C1B0 /* CombineExpectations */ = {
			isa = XCSwiftPackageProductDependency;
			package = 499F7E0F25C142600099C1B0 /* XCRemoteSwiftPackageReference "CombineExpectations" */;
			productName = CombineExpectations;
		};
/* End XCSwiftPackageProductDependency section */

/* Begin XCVersionGroup section */
		4987830225BE14600079701A /* MyTube.xcdatamodeld */ = {
			isa = XCVersionGroup;
			children = (
				4987830325BE14600079701A /* MyTube.xcdatamodel */,
			);
			currentVersion = 4987830325BE14600079701A /* MyTube.xcdatamodel */;
			path = MyTube.xcdatamodeld;
			sourceTree = "<group>";
			versionGroupType = wrapper.xcdatamodel;
		};
/* End XCVersionGroup section */
	};
	rootObject = 498782EC25BE145D0079701A /* Project object */;
}
